Microsoft Visual Studio Solution File, Format Version 12.00
# Visual Studio Version 17
VisualStudioVersion = 17.5.2.0
MinimumVisualStudioVersion = 10.0.40219.1
Project("{2150E333-8FDC-42A3-9474-1A3956D46DE8}") = "factory", "factory", "{1A05CECA-3455-6868-ADAC-E31E3159CA81}"
EndProject
Project("{FAE04EC0-301F-11D3-BF4B-00C04F79EFBC}") = "problem", "factory\problem\problem.csproj", "{9B3F97EB-1F29-BA72-406C-3200AE2604AB}"
EndProject
Project("{FAE04EC0-301F-11D3-BF4B-00C04F79EFBC}") = "solution", "factory\solution\solution.csproj", "{B9FAD11D-8DE7-A4A7-8BAF-52252AA07892}"
EndProject
Global
	GlobalSection(SolutionConfigurationPlatforms) = preSolution
		Debug|Any CPU = Debug|Any CPU
		Release|Any CPU = Release|Any CPU
	EndGlobalSection
	GlobalSection(ProjectConfigurationPlatforms) = postSolution
		{9B3F97EB-1F29-BA72-406C-3200AE2604AB}.Debug|Any CPU.ActiveCfg = Debug|Any CPU
		{9B3F97EB-1F29-BA72-406C-3200AE2604AB}.Debug|Any CPU.Build.0 = Debug|Any CPU
		{9B3F97EB-1F29-BA72-406C-3200AE2604AB}.Release|Any CPU.ActiveCfg = Release|Any CPU
		{9B3F97EB-1F29-BA72-406C-3200AE2604AB}.Release|Any CPU.Build.0 = Release|Any CPU
		{B9FAD11D-8DE7-A4A7-8BAF-52252AA07892}.Debug|Any CPU.ActiveCfg = Debug|Any CPU
		{B9FAD11D-8DE7-A4A7-8BAF-52252AA07892}.Debug|Any CPU.Build.0 = Debug|Any CPU
		{B9FAD11D-8DE7-A4A7-8BAF-52252AA07892}.Release|Any CPU.ActiveCfg = Release|Any CPU
		{B9FAD11D-8DE7-A4A7-8BAF-52252AA07892}.Release|Any CPU.Build.0 = Release|Any CPU
	EndGlobalSection
	GlobalSection(SolutionProperties) = preSolution
		HideSolutionNode = FALSE
	EndGlobalSection
	GlobalSection(NestedProjects) = preSolution
		{9B3F97EB-1F29-BA72-406C-3200AE2604AB} = {1A05CECA-3455-6868-ADAC-E31E3159CA81}
		{B9FAD11D-8DE7-A4A7-8BAF-52252AA07892} = {1A05CECA-3455-6868-ADAC-E31E3159CA81}
	EndGlobalSection
	GlobalSection(ExtensibilityGlobals) = postSolution
		SolutionGuid = {A46D711A-70ED-4DCD-90DD-990FB098BEB8}
	EndGlobalSection
EndGlobal
